
Microsoft Visual Studio Solution File, Format Version 12.00
# Visual Studio Version 16
VisualStudioVersion = 16.0.28803.352
MinimumVisualStudioVersion = 10.0.40219.1
Project("{2150E333-8FDC-42A3-9474-1A3956D46DE8}") = "src", "src", "{91BD4D35-CFF1-48D1-BAF6-BA0E3FB96B3B}"
EndProject
Project("{2150E333-8FDC-42A3-9474-1A3956D46DE8}") = "Solution Items", "Solution Items", "{8AB798F0-0360-4C0F-8DAD-E9F858824478}"
EndProject
Project("{2150E333-8FDC-42A3-9474-1A3956D46DE8}") = "Deviser.Core", "Deviser.Core", "{F3FFE0B0-32B0-4867-AA80-7FB130E72263}"
EndProject
Project("{2150E333-8FDC-42A3-9474-1A3956D46DE8}") = "Deviser.Modules", "Deviser.Modules", "{88901A99-F73F-4CF2-8038-A5E98BAF73FF}"
EndProject
Project("{2150E333-8FDC-42A3-9474-1A3956D46DE8}") = "test", "test", "{ABAC3B89-50D7-427E-9D89-7202E2A95569}"
EndProject
Project("{9A19103F-16F7-4668-BE54-9A1E7A4F7556}") = "Deviser.Core.Library", "src\Deviser.Core\Deviser.Core.Library\Deviser.Core.Library.csproj", "{0EAB64DC-9DD5-475F-A20A-06EEB5FBCA55}"
EndProject
Project("{9A19103F-16F7-4668-BE54-9A1E7A4F7556}") = "Deviser.Modules.PageManagement", "src\Deviser.Modules\Deviser.Modules.PageManagement\Deviser.Modules.PageManagement.csproj", "{A91098F9-A4A3-479F-9354-B65DC81A7421}"
EndProject
Project("{9A19103F-16F7-4668-BE54-9A1E7A4F7556}") = "Deviser.Modules.UserManagement", "src\Deviser.Modules\Deviser.Modules.UserManagement\Deviser.Modules.UserManagement.csproj", "{B8A9D773-0F31-47B9-8CA5-254203FBDEB6}"
EndProject
Project("{9A19103F-16F7-4668-BE54-9A1E7A4F7556}") = "Deviser.Modules.SecurityRoles", "src\Deviser.Modules\Deviser.Modules.SecurityRoles\Deviser.Modules.SecurityRoles.csproj", "{685C486D-2BC3-4DA2-A85D-CED05EFA407B}"
EndProject
Project("{9A19103F-16F7-4668-BE54-9A1E7A4F7556}") = "Deviser.Modules.Language", "src\Deviser.Modules\Deviser.Modules.Language\Deviser.Modules.Language.csproj", "{CAB08A21-2766-4A8A-BB97-569DAE8C9D49}"
EndProject
Project("{9A19103F-16F7-4668-BE54-9A1E7A4F7556}") = "Deviser.Modules.FileManager", "src\Deviser.Modules\Deviser.Modules.FileManager\Deviser.Modules.FileManager.csproj", "{8CBD1FFC-7BC1-4D5C-88BF-050631CDA744}"
EndProject
Project("{9A19103F-16F7-4668-BE54-9A1E7A4F7556}") = "Deviser.Modules.Security", "src\Deviser.Modules\Deviser.Modules.Security\Deviser.Modules.Security.csproj", "{07DC4E90-16E7-4357-B692-103EF1B89CBD}"
EndProject
Project("{9A19103F-16F7-4668-BE54-9A1E7A4F7556}") = "Deviser.Modules.ContentManagement", "src\Deviser.Modules\Deviser.Modules.ContentManagement\Deviser.Modules.ContentManagement.csproj", "{CD1A5AAC-F892-45F0-8C11-D9353C10A11A}"
EndProject
Project("{9A19103F-16F7-4668-BE54-9A1E7A4F7556}") = "Deviser.Core.Common", "src\Deviser.Core\Deviser.Core.Common\Deviser.Core.Common.csproj", "{6CA6A9E5-B940-4ABB-87B1-403C680A49AC}"
EndProject
Project("{9A19103F-16F7-4668-BE54-9A1E7A4F7556}") = "Deviser.Modules.SiteManagement", "src\Deviser.Modules\Deviser.Modules.SiteManagement\Deviser.Modules.SiteManagement.csproj", "{432E2E3C-DE3C-4C5B-8571-5A3F97AC2E28}"
EndProject
Project("{9A19103F-16F7-4668-BE54-9A1E7A4F7556}") = "Deviser.Modules.ModuleManagement", "src\Deviser.Modules\Deviser.Modules.ModuleManagement\Deviser.Modules.ModuleManagement.csproj", "{C85D8297-F253-46E7-A477-1B2EBDFD5497}"
EndProject
Project("{9A19103F-16F7-4668-BE54-9A1E7A4F7556}") = "Deviser.Modules.RecycleBin", "src\Deviser.Modules\Deviser.Modules.RecycleBin\Deviser.Modules.RecycleBin.csproj", "{BA744D80-B42A-4F38-8DD2-FFFBE89B7181}"
EndProject
Project("{9A19103F-16F7-4668-BE54-9A1E7A4F7556}") = "Deviser.ClientDependency", "src\Deviser.Core\Deviser.ClientDependency\Deviser.ClientDependency.csproj", "{D91F4907-EF2B-4ED5-8F04-5C437B06A674}"
EndProject
Project("{9A19103F-16F7-4668-BE54-9A1E7A4F7556}") = "Deviser.Core.Data", "src\Deviser.Core\Deviser.Core.Data\Deviser.Core.Data.csproj", "{8BE40D0D-1995-4705-A71D-F4B884CC4ACD}"
EndProject
Project("{9A19103F-16F7-4668-BE54-9A1E7A4F7556}") = "Deviser.Modules.ContactForm", "src\Deviser.Modules\Deviser.Modules.Contact\Deviser.Modules.ContactForm.csproj", "{A5BF8F5E-738A-4D4F-8635-A8FCCB5D8557}"
EndProject
Project("{9A19103F-16F7-4668-BE54-9A1E7A4F7556}") = "Deviser.Admin", "src\Deviser.Core\Deviser.Admin\Deviser.Admin.csproj", "{4D9DBEDF-D8F5-49EF-B98E-D345F1F4D8FB}"
EndProject
Project("{9A19103F-16F7-4668-BE54-9A1E7A4F7556}") = "Deviser.Modules.Blog", "src\Deviser.Modules\Deviser.Modules.Blog\Deviser.Modules.Blog.csproj", "{4725F1FF-6BBD-4D8C-AB1F-3C4145EAFA43}"
EndProject
Project("{9A19103F-16F7-4668-BE54-9A1E7A4F7556}") = "Deviser.Admin.Web", "src\Deviser.Core\Deviser.Admin.Web\Deviser.Admin.Web.csproj", "{63AE23DB-46F5-4196-B3FF-9750CF169E61}"
EndProject
Project("{2150E333-8FDC-42A3-9474-1A3956D46DE8}") = "samples", "samples", "{3977F3A1-D23E-4CBB-962E-3AEC6BC272D7}"
EndProject
Project("{9A19103F-16F7-4668-BE54-9A1E7A4F7556}") = "Deviser.Detached", "src\Deviser.Core\Deviser.Detached\Deviser.Detached.csproj", "{55707AAA-C0D8-41F5-919B-760FA99C0CD8}"
EndProject
Project("{9A19103F-16F7-4668-BE54-9A1E7A4F7556}") = "Deviser.Web", "src\Deviser.Web\Deviser.Web.csproj", "{076ACC63-8E9E-400A-BD54-E2DA3D33CB59}"
EndProject
Project("{9A19103F-16F7-4668-BE54-9A1E7A4F7556}") = "DeviserApp", "src\DeviserApp\DeviserApp.csproj", "{E808AB4B-8C15-4F09-B092-A96ABF23824F}"
EndProject
Project("{9A19103F-16F7-4668-BE54-9A1E7A4F7556}") = "Deviser.Core.Resources", "src\Deviser.Core\Deviser.Core.Resources\Deviser.Core.Resources.csproj", "{CD5144F7-E62B-420D-B296-AFA45DF4563A}"
EndProject
Project("{9A19103F-16F7-4668-BE54-9A1E7A4F7556}") = "Deviser.Themes.Skyline", "src\Deviser.Themes\Deviser.Themes.Skyline\Deviser.Themes.Skyline.csproj", "{A3768C5E-BA6A-4ECA-9583-A52F0890C4A5}"
EndProject
Project("{2150E333-8FDC-42A3-9474-1A3956D46DE8}") = "Deviser.Themes", "Deviser.Themes", "{1306D17F-1883-4A03-9369-84A5CC505ED5}"
EndProject
Global
	GlobalSection(SolutionConfigurationPlatforms) = preSolution
		Debug|Any CPU = Debug|Any CPU
		Release|Any CPU = Release|Any CPU
	EndGlobalSection
	GlobalSection(ProjectConfigurationPlatforms) = postSolution
		{0EAB64DC-9DD5-475F-A20A-06EEB5FBCA55}.Debug|Any CPU.ActiveCfg = Debug|Any CPU
		{0EAB64DC-9DD5-475F-A20A-06EEB5FBCA55}.Debug|Any CPU.Build.0 = Debug|Any CPU
		{0EAB64DC-9DD5-475F-A20A-06EEB5FBCA55}.Release|Any CPU.ActiveCfg = Release|Any CPU
		{0EAB64DC-9DD5-475F-A20A-06EEB5FBCA55}.Release|Any CPU.Build.0 = Release|Any CPU
		{A91098F9-A4A3-479F-9354-B65DC81A7421}.Debug|Any CPU.ActiveCfg = Debug|Any CPU
		{A91098F9-A4A3-479F-9354-B65DC81A7421}.Debug|Any CPU.Build.0 = Debug|Any CPU
		{A91098F9-A4A3-479F-9354-B65DC81A7421}.Release|Any CPU.ActiveCfg = Release|Any CPU
		{A91098F9-A4A3-479F-9354-B65DC81A7421}.Release|Any CPU.Build.0 = Release|Any CPU
		{B8A9D773-0F31-47B9-8CA5-254203FBDEB6}.Debug|Any CPU.ActiveCfg = Debug|Any CPU
		{B8A9D773-0F31-47B9-8CA5-254203FBDEB6}.Debug|Any CPU.Build.0 = Debug|Any CPU
		{B8A9D773-0F31-47B9-8CA5-254203FBDEB6}.Release|Any CPU.ActiveCfg = Release|Any CPU
		{B8A9D773-0F31-47B9-8CA5-254203FBDEB6}.Release|Any CPU.Build.0 = Release|Any CPU
		{685C486D-2BC3-4DA2-A85D-CED05EFA407B}.Debug|Any CPU.ActiveCfg = Debug|Any CPU
		{685C486D-2BC3-4DA2-A85D-CED05EFA407B}.Debug|Any CPU.Build.0 = Debug|Any CPU
		{685C486D-2BC3-4DA2-A85D-CED05EFA407B}.Release|Any CPU.ActiveCfg = Release|Any CPU
		{685C486D-2BC3-4DA2-A85D-CED05EFA407B}.Release|Any CPU.Build.0 = Release|Any CPU
		{CAB08A21-2766-4A8A-BB97-569DAE8C9D49}.Debug|Any CPU.ActiveCfg = Debug|Any CPU
		{CAB08A21-2766-4A8A-BB97-569DAE8C9D49}.Debug|Any CPU.Build.0 = Debug|Any CPU
		{CAB08A21-2766-4A8A-BB97-569DAE8C9D49}.Release|Any CPU.ActiveCfg = Release|Any CPU
		{CAB08A21-2766-4A8A-BB97-569DAE8C9D49}.Release|Any CPU.Build.0 = Release|Any CPU
		{8CBD1FFC-7BC1-4D5C-88BF-050631CDA744}.Debug|Any CPU.ActiveCfg = Debug|Any CPU
		{8CBD1FFC-7BC1-4D5C-88BF-050631CDA744}.Debug|Any CPU.Build.0 = Debug|Any CPU
		{8CBD1FFC-7BC1-4D5C-88BF-050631CDA744}.Release|Any CPU.ActiveCfg = Release|Any CPU
		{8CBD1FFC-7BC1-4D5C-88BF-050631CDA744}.Release|Any CPU.Build.0 = Release|Any CPU
		{07DC4E90-16E7-4357-B692-103EF1B89CBD}.Debug|Any CPU.ActiveCfg = Debug|Any CPU
		{07DC4E90-16E7-4357-B692-103EF1B89CBD}.Debug|Any CPU.Build.0 = Debug|Any CPU
		{07DC4E90-16E7-4357-B692-103EF1B89CBD}.Release|Any CPU.ActiveCfg = Release|Any CPU
		{07DC4E90-16E7-4357-B692-103EF1B89CBD}.Release|Any CPU.Build.0 = Release|Any CPU
		{CD1A5AAC-F892-45F0-8C11-D9353C10A11A}.Debug|Any CPU.ActiveCfg = Debug|Any CPU
		{CD1A5AAC-F892-45F0-8C11-D9353C10A11A}.Debug|Any CPU.Build.0 = Debug|Any CPU
		{CD1A5AAC-F892-45F0-8C11-D9353C10A11A}.Release|Any CPU.ActiveCfg = Release|Any CPU
		{CD1A5AAC-F892-45F0-8C11-D9353C10A11A}.Release|Any CPU.Build.0 = Release|Any CPU
		{6CA6A9E5-B940-4ABB-87B1-403C680A49AC}.Debug|Any CPU.ActiveCfg = Debug|Any CPU
		{6CA6A9E5-B940-4ABB-87B1-403C680A49AC}.Debug|Any CPU.Build.0 = Debug|Any CPU
		{6CA6A9E5-B940-4ABB-87B1-403C680A49AC}.Release|Any CPU.ActiveCfg = Release|Any CPU
		{6CA6A9E5-B940-4ABB-87B1-403C680A49AC}.Release|Any CPU.Build.0 = Release|Any CPU
		{432E2E3C-DE3C-4C5B-8571-5A3F97AC2E28}.Debug|Any CPU.ActiveCfg = Debug|Any CPU
		{432E2E3C-DE3C-4C5B-8571-5A3F97AC2E28}.Debug|Any CPU.Build.0 = Debug|Any CPU
		{432E2E3C-DE3C-4C5B-8571-5A3F97AC2E28}.Release|Any CPU.ActiveCfg = Release|Any CPU
		{432E2E3C-DE3C-4C5B-8571-5A3F97AC2E28}.Release|Any CPU.Build.0 = Release|Any CPU
		{C85D8297-F253-46E7-A477-1B2EBDFD5497}.Debug|Any CPU.ActiveCfg = Debug|Any CPU
		{C85D8297-F253-46E7-A477-1B2EBDFD5497}.Debug|Any CPU.Build.0 = Debug|Any CPU
		{C85D8297-F253-46E7-A477-1B2EBDFD5497}.Release|Any CPU.ActiveCfg = Release|Any CPU
		{C85D8297-F253-46E7-A477-1B2EBDFD5497}.Release|Any CPU.Build.0 = Release|Any CPU
		{BA744D80-B42A-4F38-8DD2-FFFBE89B7181}.Debug|Any CPU.ActiveCfg = Debug|Any CPU
		{BA744D80-B42A-4F38-8DD2-FFFBE89B7181}.Debug|Any CPU.Build.0 = Debug|Any CPU
		{BA744D80-B42A-4F38-8DD2-FFFBE89B7181}.Release|Any CPU.ActiveCfg = Release|Any CPU
		{BA744D80-B42A-4F38-8DD2-FFFBE89B7181}.Release|Any CPU.Build.0 = Release|Any CPU
		{D91F4907-EF2B-4ED5-8F04-5C437B06A674}.Debug|Any CPU.ActiveCfg = Debug|Any CPU
		{D91F4907-EF2B-4ED5-8F04-5C437B06A674}.Debug|Any CPU.Build.0 = Debug|Any CPU
		{D91F4907-EF2B-4ED5-8F04-5C437B06A674}.Release|Any CPU.ActiveCfg = Release|Any CPU
		{D91F4907-EF2B-4ED5-8F04-5C437B06A674}.Release|Any CPU.Build.0 = Release|Any CPU
		{8BE40D0D-1995-4705-A71D-F4B884CC4ACD}.Debug|Any CPU.ActiveCfg = Debug|Any CPU
		{8BE40D0D-1995-4705-A71D-F4B884CC4ACD}.Debug|Any CPU.Build.0 = Debug|Any CPU
		{8BE40D0D-1995-4705-A71D-F4B884CC4ACD}.Release|Any CPU.ActiveCfg = Release|Any CPU
		{8BE40D0D-1995-4705-A71D-F4B884CC4ACD}.Release|Any CPU.Build.0 = Release|Any CPU
		{A5BF8F5E-738A-4D4F-8635-A8FCCB5D8557}.Debug|Any CPU.ActiveCfg = Debug|Any CPU
		{A5BF8F5E-738A-4D4F-8635-A8FCCB5D8557}.Debug|Any CPU.Build.0 = Debug|Any CPU
		{A5BF8F5E-738A-4D4F-8635-A8FCCB5D8557}.Release|Any CPU.ActiveCfg = Release|Any CPU
		{A5BF8F5E-738A-4D4F-8635-A8FCCB5D8557}.Release|Any CPU.Build.0 = Release|Any CPU
		{4D9DBEDF-D8F5-49EF-B98E-D345F1F4D8FB}.Debug|Any CPU.ActiveCfg = Debug|Any CPU
		{4D9DBEDF-D8F5-49EF-B98E-D345F1F4D8FB}.Debug|Any CPU.Build.0 = Debug|Any CPU
		{4D9DBEDF-D8F5-49EF-B98E-D345F1F4D8FB}.Release|Any CPU.ActiveCfg = Release|Any CPU
		{4D9DBEDF-D8F5-49EF-B98E-D345F1F4D8FB}.Release|Any CPU.Build.0 = Release|Any CPU
		{4725F1FF-6BBD-4D8C-AB1F-3C4145EAFA43}.Debug|Any CPU.ActiveCfg = Debug|Any CPU
		{4725F1FF-6BBD-4D8C-AB1F-3C4145EAFA43}.Debug|Any CPU.Build.0 = Debug|Any CPU
		{4725F1FF-6BBD-4D8C-AB1F-3C4145EAFA43}.Release|Any CPU.ActiveCfg = Release|Any CPU
		{4725F1FF-6BBD-4D8C-AB1F-3C4145EAFA43}.Release|Any CPU.Build.0 = Release|Any CPU
		{63AE23DB-46F5-4196-B3FF-9750CF169E61}.Debug|Any CPU.ActiveCfg = Debug|Any CPU
		{63AE23DB-46F5-4196-B3FF-9750CF169E61}.Debug|Any CPU.Build.0 = Debug|Any CPU
		{63AE23DB-46F5-4196-B3FF-9750CF169E61}.Release|Any CPU.ActiveCfg = Release|Any CPU
		{63AE23DB-46F5-4196-B3FF-9750CF169E61}.Release|Any CPU.Build.0 = Release|Any CPU
		{55707AAA-C0D8-41F5-919B-760FA99C0CD8}.Debug|Any CPU.ActiveCfg = Debug|Any CPU
		{55707AAA-C0D8-41F5-919B-760FA99C0CD8}.Debug|Any CPU.Build.0 = Debug|Any CPU
		{55707AAA-C0D8-41F5-919B-760FA99C0CD8}.Release|Any CPU.ActiveCfg = Release|Any CPU
		{55707AAA-C0D8-41F5-919B-760FA99C0CD8}.Release|Any CPU.Build.0 = Release|Any CPU
		{076ACC63-8E9E-400A-BD54-E2DA3D33CB59}.Debug|Any CPU.ActiveCfg = Debug|Any CPU
		{076ACC63-8E9E-400A-BD54-E2DA3D33CB59}.Debug|Any CPU.Build.0 = Debug|Any CPU
		{076ACC63-8E9E-400A-BD54-E2DA3D33CB59}.Release|Any CPU.ActiveCfg = Release|Any CPU
		{076ACC63-8E9E-400A-BD54-E2DA3D33CB59}.Release|Any CPU.Build.0 = Release|Any CPU
		{E808AB4B-8C15-4F09-B092-A96ABF23824F}.Debug|Any CPU.ActiveCfg = Debug|Any CPU
		{E808AB4B-8C15-4F09-B092-A96ABF23824F}.Debug|Any CPU.Build.0 = Debug|Any CPU
		{E808AB4B-8C15-4F09-B092-A96ABF23824F}.Release|Any CPU.ActiveCfg = Release|Any CPU
		{E808AB4B-8C15-4F09-B092-A96ABF23824F}.Release|Any CPU.Build.0 = Release|Any CPU
		{CD5144F7-E62B-420D-B296-AFA45DF4563A}.Debug|Any CPU.ActiveCfg = Debug|Any CPU
		{CD5144F7-E62B-420D-B296-AFA45DF4563A}.Debug|Any CPU.Build.0 = Debug|Any CPU
		{CD5144F7-E62B-420D-B296-AFA45DF4563A}.Release|Any CPU.ActiveCfg = Release|Any CPU
		{CD5144F7-E62B-420D-B296-AFA45DF4563A}.Release|Any CPU.Build.0 = Release|Any CPU
		{A3768C5E-BA6A-4ECA-9583-A52F0890C4A5}.Debug|Any CPU.ActiveCfg = Debug|Any CPU
		{A3768C5E-BA6A-4ECA-9583-A52F0890C4A5}.Debug|Any CPU.Build.0 = Debug|Any CPU
		{A3768C5E-BA6A-4ECA-9583-A52F0890C4A5}.Release|Any CPU.ActiveCfg = Release|Any CPU
		{A3768C5E-BA6A-4ECA-9583-A52F0890C4A5}.Release|Any CPU.Build.0 = Release|Any CPU
	EndGlobalSection
	GlobalSection(SolutionProperties) = preSolution
		HideSolutionNode = FALSE
	EndGlobalSection
	GlobalSection(NestedProjects) = preSolution
		{F3FFE0B0-32B0-4867-AA80-7FB130E72263} = {91BD4D35-CFF1-48D1-BAF6-BA0E3FB96B3B}
		{88901A99-F73F-4CF2-8038-A5E98BAF73FF} = {91BD4D35-CFF1-48D1-BAF6-BA0E3FB96B3B}
		{0EAB64DC-9DD5-475F-A20A-06EEB5FBCA55} = {F3FFE0B0-32B0-4867-AA80-7FB130E72263}
		{A91098F9-A4A3-479F-9354-B65DC81A7421} = {88901A99-F73F-4CF2-8038-A5E98BAF73FF}
		{B8A9D773-0F31-47B9-8CA5-254203FBDEB6} = {88901A99-F73F-4CF2-8038-A5E98BAF73FF}
		{685C486D-2BC3-4DA2-A85D-CED05EFA407B} = {88901A99-F73F-4CF2-8038-A5E98BAF73FF}
		{CAB08A21-2766-4A8A-BB97-569DAE8C9D49} = {88901A99-F73F-4CF2-8038-A5E98BAF73FF}
		{8CBD1FFC-7BC1-4D5C-88BF-050631CDA744} = {88901A99-F73F-4CF2-8038-A5E98BAF73FF}
		{07DC4E90-16E7-4357-B692-103EF1B89CBD} = {88901A99-F73F-4CF2-8038-A5E98BAF73FF}
		{CD1A5AAC-F892-45F0-8C11-D9353C10A11A} = {88901A99-F73F-4CF2-8038-A5E98BAF73FF}
		{6CA6A9E5-B940-4ABB-87B1-403C680A49AC} = {F3FFE0B0-32B0-4867-AA80-7FB130E72263}
		{432E2E3C-DE3C-4C5B-8571-5A3F97AC2E28} = {88901A99-F73F-4CF2-8038-A5E98BAF73FF}
		{C85D8297-F253-46E7-A477-1B2EBDFD5497} = {88901A99-F73F-4CF2-8038-A5E98BAF73FF}
		{BA744D80-B42A-4F38-8DD2-FFFBE89B7181} = {88901A99-F73F-4CF2-8038-A5E98BAF73FF}
		{D91F4907-EF2B-4ED5-8F04-5C437B06A674} = {F3FFE0B0-32B0-4867-AA80-7FB130E72263}
		{8BE40D0D-1995-4705-A71D-F4B884CC4ACD} = {F3FFE0B0-32B0-4867-AA80-7FB130E72263}
		{A5BF8F5E-738A-4D4F-8635-A8FCCB5D8557} = {88901A99-F73F-4CF2-8038-A5E98BAF73FF}
		{4D9DBEDF-D8F5-49EF-B98E-D345F1F4D8FB} = {F3FFE0B0-32B0-4867-AA80-7FB130E72263}
		{4725F1FF-6BBD-4D8C-AB1F-3C4145EAFA43} = {88901A99-F73F-4CF2-8038-A5E98BAF73FF}
		{63AE23DB-46F5-4196-B3FF-9750CF169E61} = {F3FFE0B0-32B0-4867-AA80-7FB130E72263}
		{55707AAA-C0D8-41F5-919B-760FA99C0CD8} = {F3FFE0B0-32B0-4867-AA80-7FB130E72263}
		{076ACC63-8E9E-400A-BD54-E2DA3D33CB59} = {91BD4D35-CFF1-48D1-BAF6-BA0E3FB96B3B}
		{E808AB4B-8C15-4F09-B092-A96ABF23824F} = {91BD4D35-CFF1-48D1-BAF6-BA0E3FB96B3B}
		{CD5144F7-E62B-420D-B296-AFA45DF4563A} = {F3FFE0B0-32B0-4867-AA80-7FB130E72263}
		{A3768C5E-BA6A-4ECA-9583-A52F0890C4A5} = {1306D17F-1883-4A03-9369-84A5CC505ED5}
		{1306D17F-1883-4A03-9369-84A5CC505ED5} = {91BD4D35-CFF1-48D1-BAF6-BA0E3FB96B3B}
	EndGlobalSection
	GlobalSection(ExtensibilityGlobals) = postSolution
		SolutionGuid = {91F2FF8F-6646-4F1E-A7D9-059D41B096BE}
	EndGlobalSection
EndGlobal
