{
  "name": "deviser-shared",
  "version": "0.0.1",
  "lockfileVersion": 1,
  "requires": true,
  "dependencies": {
    "@angular/animations": {
      "version": "13.3.11",
      "resolved": "https://registry.npmjs.org/@angular/animations/-/animations-13.3.11.tgz",
      "integrity": "sha512-KE/3RuvixHIk9YTSwaUsezsUm9Ig9Y8rZMpHOT/8bRtzPiJ5ld2GnDHjrJgyZn7TdoP4wz4YCta5eC4ycu+KCw==",
      "dev": true,
      "requires": {
        "tslib": "^2.3.0"
      }
    },
    "@angular/cdk": {
      "version": "13.3.9",
      "resolved": "https://registry.npmjs.org/@angular/cdk/-/cdk-13.3.9.tgz",
      "integrity": "sha512-XCuCbeuxWFyo3EYrgEYx7eHzwl76vaWcxtWXl00ka8d+WAOtMQ6Tf1D98ybYT5uwF9889fFpXAPw98mVnlo3MA==",
      "dev": true,
      "requires": {
        "parse5": "^5.0.0",
        "tslib": "^2.3.0"
      }
    },
    "@angular/common": {
      "version": "13.3.11",
      "resolved": "https://registry.npmjs.org/@angular/common/-/common-13.3.11.tgz",
      "integrity": "sha512-gPMwDYIAag1izXm2tRQ6EOIx9FVEUqLdr+qYtRVoQtoBmfkoTSLGcpeBXqqlPVxVPbA6Li1WZZT5wxLLlLAN+Q==",
      "dev": true,
      "requires": {
        "tslib": "^2.3.0"
      }
    },
    "@angular/core": {
      "version": "13.3.11",
      "resolved": "https://registry.npmjs.org/@angular/core/-/core-13.3.11.tgz",
      "integrity": "sha512-9BmE2CxyV0g+AkBeuc8IwjSOiJ8Y+kptXnqD/J8EAFT3B0/fLGVnjFdZC6Sev9L0SNZb6qdzebpfIOLqbUjReQ==",
      "dev": true,
      "requires": {
        "tslib": "^2.3.0"
      }
    },
    "@angular/forms": {
      "version": "13.3.11",
      "resolved": "https://registry.npmjs.org/@angular/forms/-/forms-13.3.11.tgz",
      "integrity": "sha512-iMgTNB+Qc3TsfAZSk1FnUE6MVoddPzxhG9AKCfSlvpjFh8VmXkIjxPL3dun7J8OjayT3X+B8f7LZ9AkKNXtBKw==",
      "dev": true,
      "requires": {
        "tslib": "^2.3.0"
      }
    },
    "@angular/platform-browser": {
      "version": "13.3.11",
      "resolved": "https://registry.npmjs.org/@angular/platform-browser/-/platform-browser-13.3.11.tgz",
      "integrity": "sha512-PG3chCErARb6wNzkOed2NsZmgvTmbumRx/6sMXqGkDKXYQm0JULnl4X42Rn+JCgJ9DLJi5/jrd1dbcBCrKk9Vg==",
      "dev": true,
      "requires": {
        "tslib": "^2.3.0"
      }
    },
    "@angular/platform-browser-dynamic": {
      "version": "13.3.11",
      "resolved": "https://registry.npmjs.org/@angular/platform-browser-dynamic/-/platform-browser-dynamic-13.3.11.tgz",
      "integrity": "sha512-xM0VRC1Nw//SHO3gkghUHyjCaaQbk1UYMq4vIu3iKVq9KLqOSZgccv0NcOKHzXXN3S5RgX2auuyOUOCD6ny1Pg==",
      "dev": true,
      "requires": {
        "tslib": "^2.3.0"
      }
    },
    "@ng-select/ng-select": {
      "version": "8.3.0",
      "resolved": "https://registry.npmjs.org/@ng-select/ng-select/-/ng-select-8.3.0.tgz",
      "integrity": "sha512-AwAuDs+86++D2kEsik2/ZiQuRk0khd1HESofOm1yMBwbzsw+xLSyVOMml/OehDFSOxli7fAkk07wYtzAhxSB3Q==",
      "dev": true,
      "requires": {
        "tslib": "^2.3.1"
      }
    },
    "@types/lodash": {
      "version": "4.14.186",
      "resolved": "https://registry.npmjs.org/@types/lodash/-/lodash-4.14.186.tgz",
      "integrity": "sha512-eHcVlLXP0c2FlMPm56ITode2AgLMSa6aJ05JTTbYbI+7EMkCEE5qk2E41d5g2lCVTqRe0GnnRFurmlCsDODrPw==",
      "dev": true
    },
    "@types/lodash-es": {
      "version": "4.17.6",
      "resolved": "https://registry.npmjs.org/@types/lodash-es/-/lodash-es-4.17.6.tgz",
      "integrity": "sha512-R+zTeVUKDdfoRxpAryaQNRKk3105Rrgx2CFRClIgRGaqDTdjsm8h6IYA8ir584W3ePzkZfst5xIgDwYrlh9HLg==",
      "dev": true,
      "requires": {
        "@types/lodash": "*"
      }
    },
    "lodash-es": {
      "version": "4.17.21",
      "resolved": "https://registry.npmjs.org/lodash-es/-/lodash-es-4.17.21.tgz",
      "integrity": "sha512-mKnC+QJ9pWVzv+C4/U3rRsHapFfHvQFoFB92e52xeyGMcX6/OlIl78je1u8vePzYZSkkogMPJ2yjxxsb89cxyw==",
      "dev": true
    },
    "moment": {
      "version": "2.29.4",
      "resolved": "https://registry.npmjs.org/moment/-/moment-2.29.4.tgz",
      "integrity": "sha512-5LC9SOxjSc2HF6vO2CyuTDNivEdoz2IvyJJGj6X8DJ0eFyfszE0QiEd+iXmBvUP3WHxSjFH/vIsA0EN00cgr8w==",
      "dev": true
    },
    "ng-inline-svg-2": {
      "version": "14.0.2",
      "resolved": "https://registry.npmjs.org/ng-inline-svg-2/-/ng-inline-svg-2-14.0.2.tgz",
      "integrity": "sha512-WOWNDt15K2h0txm8Mcqx/k0AlKyTcqoiPmKNETIe01IDdg/kv6VsWSWy8sU1iWOY9b1JxbH0xwQBiAOxWHKdSA==",
      "dev": true
    },
    "ngx-bootstrap": {
      "version": "8.0.0",
      "resolved": "https://registry.npmjs.org/ngx-bootstrap/-/ngx-bootstrap-8.0.0.tgz",
      "integrity": "sha512-UjJ/57Pr7ctdI2L113QX1IqJPYtOMrp5Qq/RLvUT1TOwPQWPi9LXTQ/7BtipkptQjer7Fk9yueITH3Y8vD+Dmg==",
      "dev": true,
      "requires": {
        "tslib": "^2.0.0"
      }
    },
    "ngx-image-cropper": {
      "version": "3.3.5",
      "resolved": "https://registry.npmjs.org/ngx-image-cropper/-/ngx-image-cropper-3.3.5.tgz",
      "integrity": "sha512-0yRVKG5XAbVo3rOaj/iFDlekGsxEqXKU9iXFbjyvHvRT2DFs+AjwtyvINsHCWw+4ed9yA4Y+wLIUNqzA0bfxLw==",
      "dev": true,
      "requires": {
        "tslib": "^1.9.0"
      },
      "dependencies": {
        "tslib": {
          "version": "1.14.1",
          "resolved": "https://registry.npmjs.org/tslib/-/tslib-1.14.1.tgz",
          "integrity": "sha512-Xni35NKzjgMrwevysHTCArtLDpPvye8zV/0E4EyYn43P7/7qvQwPh9BGkHewbMulVntbigmcT7rdX3BNo9wRJg==",
          "dev": true
        }
      }
    },
    "parse5": {
      "version": "5.1.1",
      "resolved": "https://registry.npmjs.org/parse5/-/parse5-5.1.1.tgz",
      "integrity": "sha512-ugq4DFI0Ptb+WWjAdOK16+u/nHfiIrcE+sh8kZMaM0WllQKLI9rOUq6c2b7cwPkXdzfQESqvoqK6ug7U/Yyzug==",
      "dev": true,
      "optional": true
    },
    "rxjs": {
      "version": "6.5.5",
      "resolved": "https://registry.npmjs.org/rxjs/-/rxjs-6.5.5.tgz",
      "integrity": "sha512-WfQI+1gohdf0Dai/Bbmk5L5ItH5tYqm3ki2c5GdWhKjalzjg93N3avFjVStyZZz+A2Em+ZxKH5bNghw9UeylGQ==",
      "dev": true,
      "requires": {
        "tslib": "^1.9.0"
      },
      "dependencies": {
        "tslib": {
          "version": "1.14.1",
          "resolved": "https://registry.npmjs.org/tslib/-/tslib-1.14.1.tgz",
          "integrity": "sha512-Xni35NKzjgMrwevysHTCArtLDpPvye8zV/0E4EyYn43P7/7qvQwPh9BGkHewbMulVntbigmcT7rdX3BNo9wRJg==",
          "dev": true
        }
      }
    },
    "tslib": {
      "version": "2.4.0",
      "resolved": "https://registry.npmjs.org/tslib/-/tslib-2.4.0.tgz",
      "integrity": "sha512-d6xOpEDfsi2CZVlPQzGeux8XMwLT9hssAsaPYExaQMuYskwb+x1x7J371tWlbBdWHroy99KnVB6qIkUbs5X3UQ=="
    }
  }
}
