{
  "name": "deviser-shared",
  "version": "0.0.1",
  "lockfileVersion": 1,
  "requires": true,
  "dependencies": {
    "@angular/animations": {
      "version": "9.1.13",
      "resolved": "https://registry.npmjs.org/@angular/animations/-/animations-9.1.13.tgz",
      "integrity": "sha512-ane1eeQmsP7fcAiLgRhle7YIDgE88WDMMvzqJYhSxwLzXNF/hwqNeskmNcjo8bLt9h/yTIjrCQbycLCHJfU8UQ==",
      "dev": true
    },
    "@angular/cdk": {
      "version": "9.2.4",
      "resolved": "https://registry.npmjs.org/@angular/cdk/-/cdk-9.2.4.tgz",
      "integrity": "sha512-iw2+qHMXHYVC6K/fttHeNHIieSKiTEodVutZoOEcBu9rmRTGbLB26V/CRsfIRmA1RBk+uFYWc6UQZnMC3RdnJQ==",
      "dev": true,
      "requires": {
        "parse5": "^5.0.0"
      }
    },
    "@angular/common": {
      "version": "9.1.13",
      "resolved": "https://registry.npmjs.org/@angular/common/-/common-9.1.13.tgz",
      "integrity": "sha512-QACUhJWlly/nfHUmjopVS1p6ayxxa/NqjyftdCeBJaoyM2YohqWixP/n/keu1K/srJ96aFpUNsZQgmgoRv5SOQ==",
      "dev": true
    },
    "@angular/core": {
      "version": "9.1.13",
      "resolved": "https://registry.npmjs.org/@angular/core/-/core-9.1.13.tgz",
      "integrity": "sha512-mBm24Q9GjkAsxMAzqQ86U1078+yTEpr0+syMEruUtJ0HUH6Fzn3J+6xTLb+BVcGb9RkCkFaV9T5mcn6ZM0f++g==",
      "dev": true
    },
    "@angular/forms": {
      "version": "9.1.13",
      "resolved": "https://registry.npmjs.org/@angular/forms/-/forms-9.1.13.tgz",
      "integrity": "sha512-soGVZmPq2bzkxvtTyeJB8p3ejzm4xxt+43hJw6Ag8NxpwUFPVa30oJge3JV+u8Y4yBtl5SbOZ4bBX3EkMxLcGQ==",
      "dev": true
    },
    "@angular/platform-browser": {
      "version": "9.1.13",
      "resolved": "https://registry.npmjs.org/@angular/platform-browser/-/platform-browser-9.1.13.tgz",
      "integrity": "sha512-F3iTz1zNbtrs7KFKUxbj8qmTsd/fiuTNcpBExjE5TtatRiE6J8vNvN1+Z/1FgPe0UXBSdTzSwZ8/RxWKw20RMw==",
      "dev": true
    },
    "@angular/platform-browser-dynamic": {
      "version": "9.1.13",
      "resolved": "https://registry.npmjs.org/@angular/platform-browser-dynamic/-/platform-browser-dynamic-9.1.13.tgz",
      "integrity": "sha512-jCeHyAZ4Nap1/FOqAlKEg9UxQaSkHrxnQr6hYtWwC4ZDVUn3zLWQf6J+mbeYNOXN5yQxEiIqqhORYeOCLLqf1w==",
      "dev": true
    },
    "@ng-select/ng-select": {
      "version": "4.0.4",
      "resolved": "https://registry.npmjs.org/@ng-select/ng-select/-/ng-select-4.0.4.tgz",
      "integrity": "sha512-KaVlVdt7DWZBfmL6nc16i80l1dDx0cO3eGjW+grQPnhZ9KurapioQUYVf6dSmYyWyBXihvt4I3SWkCzqSWFJbQ==",
      "dev": true,
      "requires": {
        "tslib": "^1.10.0"
      }
    },
    "@types/lodash": {
      "version": "4.14.186",
      "resolved": "https://registry.npmjs.org/@types/lodash/-/lodash-4.14.186.tgz",
      "integrity": "sha512-eHcVlLXP0c2FlMPm56ITode2AgLMSa6aJ05JTTbYbI+7EMkCEE5qk2E41d5g2lCVTqRe0GnnRFurmlCsDODrPw==",
      "dev": true
    },
    "@types/lodash-es": {
      "version": "4.17.6",
      "resolved": "https://registry.npmjs.org/@types/lodash-es/-/lodash-es-4.17.6.tgz",
      "integrity": "sha512-R+zTeVUKDdfoRxpAryaQNRKk3105Rrgx2CFRClIgRGaqDTdjsm8h6IYA8ir584W3ePzkZfst5xIgDwYrlh9HLg==",
      "dev": true,
      "requires": {
        "@types/lodash": "*"
      }
    },
    "lodash-es": {
      "version": "4.17.21",
      "resolved": "https://registry.npmjs.org/lodash-es/-/lodash-es-4.17.21.tgz",
      "integrity": "sha512-mKnC+QJ9pWVzv+C4/U3rRsHapFfHvQFoFB92e52xeyGMcX6/OlIl78je1u8vePzYZSkkogMPJ2yjxxsb89cxyw==",
      "dev": true
    },
    "moment": {
      "version": "2.29.4",
      "resolved": "https://registry.npmjs.org/moment/-/moment-2.29.4.tgz",
      "integrity": "sha512-5LC9SOxjSc2HF6vO2CyuTDNivEdoz2IvyJJGj6X8DJ0eFyfszE0QiEd+iXmBvUP3WHxSjFH/vIsA0EN00cgr8w==",
      "dev": true
    },
    "ng-inline-svg": {
      "version": "10.1.0",
      "resolved": "https://registry.npmjs.org/ng-inline-svg/-/ng-inline-svg-10.1.0.tgz",
      "integrity": "sha512-3ULku3ua5AiBESA7Czr1V6Uycyx6TaHgwuuoU3zxWtHXHkmUQ1ivAXcFRvXeszqpWoTCyLLeXxef5Y/QuP8AIQ==",
      "dev": true
    },
    "ngx-bootstrap": {
      "version": "5.6.2",
      "resolved": "https://registry.npmjs.org/ngx-bootstrap/-/ngx-bootstrap-5.6.2.tgz",
      "integrity": "sha512-6YHXtdXkGH3w0NQoaUgNYAcrj064Lv5RTO284ha/hvpNTrh55yQz2cVh0VvwBk3MjyY2tdmLH4SuCJDszYdYiw==",
      "dev": true
    },
    "ngx-image-cropper": {
      "version": "3.3.5",
      "resolved": "https://registry.npmjs.org/ngx-image-cropper/-/ngx-image-cropper-3.3.5.tgz",
      "integrity": "sha512-0yRVKG5XAbVo3rOaj/iFDlekGsxEqXKU9iXFbjyvHvRT2DFs+AjwtyvINsHCWw+4ed9yA4Y+wLIUNqzA0bfxLw==",
      "dev": true,
      "requires": {
        "tslib": "^1.9.0"
      }
    },
    "parse5": {
      "version": "5.1.1",
      "resolved": "https://registry.npmjs.org/parse5/-/parse5-5.1.1.tgz",
      "integrity": "sha512-ugq4DFI0Ptb+WWjAdOK16+u/nHfiIrcE+sh8kZMaM0WllQKLI9rOUq6c2b7cwPkXdzfQESqvoqK6ug7U/Yyzug==",
      "dev": true,
      "optional": true
    },
    "rxjs": {
      "version": "6.5.5",
      "resolved": "https://registry.npmjs.org/rxjs/-/rxjs-6.5.5.tgz",
      "integrity": "sha512-WfQI+1gohdf0Dai/Bbmk5L5ItH5tYqm3ki2c5GdWhKjalzjg93N3avFjVStyZZz+A2Em+ZxKH5bNghw9UeylGQ==",
      "dev": true,
      "requires": {
        "tslib": "^1.9.0"
      }
    },
    "tslib": {
      "version": "1.14.1",
      "resolved": "https://registry.npmjs.org/tslib/-/tslib-1.14.1.tgz",
      "integrity": "sha512-Xni35NKzjgMrwevysHTCArtLDpPvye8zV/0E4EyYn43P7/7qvQwPh9BGkHewbMulVntbigmcT7rdX3BNo9wRJg=="
    }
  }
}
