{
  "name": "deviser-shared",
  "version": "0.0.1",
  "lockfileVersion": 2,
  "requires": true,
  "packages": {
    "": {
      "name": "deviser-shared",
      "version": "0.0.1",
      "devDependencies": {
        "@angular/animations": "^13.3.9",
        "@angular/cdk": "^13.3.9",
        "@angular/common": "^13.3.9",
        "@angular/core": "^13.3.9",
        "@angular/forms": "^13.3.9",
        "@ng-select/ng-select": "^8.3.0",
        "@types/lodash-es": "^4.17.6",
        "lodash-es": "^4.17.21",
        "moment": "^2.29.4",
        "ng-inline-svg-2": "^14.0.2",
        "ngx-bootstrap": "^8.0.0",
        "ngx-image-cropper": "^6.2.2",
        "rxjs": "^7.5.7",
        "tslib": "^2.3.0",
        "zone.js": "^0.11.8"
      },
      "peerDependencies": {
        "@angular/animations": "^13.3.9",
        "@angular/cdk": "^13.3.9",
        "@angular/common": "^13.3.9",
        "@angular/core": "^13.3.9",
        "@angular/forms": "^13.3.9",
        "@ng-select/ng-select": "^8.3.0",
        "@types/lodash-es": "^4.17.6",
        "lodash-es": "^4.17.21",
        "moment": "^2.29.4",
        "ng-inline-svg-2": "^14.0.2",
        "ngx-bootstrap": "^8.0.0",
        "ngx-image-cropper": "^6.2.2",
        "rxjs": "^7.5.7",
        "zone.js": "^0.11.8"
      }
    },
    "node_modules/@angular/animations": {
      "version": "13.3.11",
      "dev": true,
      "license": "MIT",
      "dependencies": {
        "tslib": "^2.3.0"
      },
      "engines": {
        "node": "^12.20.0 || ^14.15.0 || >=16.10.0"
      },
      "peerDependencies": {
        "@angular/core": "13.3.11"
      }
    },
    "node_modules/@angular/cdk": {
      "version": "13.3.9",
      "dev": true,
      "license": "MIT",
      "dependencies": {
        "tslib": "^2.3.0"
      },
      "optionalDependencies": {
        "parse5": "^5.0.0"
      },
      "peerDependencies": {
        "@angular/common": "^13.0.0 || ^14.0.0-0",
        "@angular/core": "^13.0.0 || ^14.0.0-0",
        "rxjs": "^6.5.3 || ^7.4.0"
      }
    },
    "node_modules/@angular/common": {
      "version": "13.3.11",
      "dev": true,
      "license": "MIT",
      "dependencies": {
        "tslib": "^2.3.0"
      },
      "engines": {
        "node": "^12.20.0 || ^14.15.0 || >=16.10.0"
      },
      "peerDependencies": {
        "@angular/core": "13.3.11",
        "rxjs": "^6.5.3 || ^7.4.0"
      }
    },
    "node_modules/@angular/core": {
      "version": "13.3.11",
      "dev": true,
      "license": "MIT",
      "dependencies": {
        "tslib": "^2.3.0"
      },
      "engines": {
        "node": "^12.20.0 || ^14.15.0 || >=16.10.0"
      },
      "peerDependencies": {
        "rxjs": "^6.5.3 || ^7.4.0",
        "zone.js": "~0.11.4"
      }
    },
    "node_modules/@angular/forms": {
      "version": "13.3.11",
      "dev": true,
      "license": "MIT",
      "dependencies": {
        "tslib": "^2.3.0"
      },
      "engines": {
        "node": "^12.20.0 || ^14.15.0 || >=16.10.0"
      },
      "peerDependencies": {
        "@angular/common": "13.3.11",
        "@angular/core": "13.3.11",
        "@angular/platform-browser": "13.3.11",
        "rxjs": "^6.5.3 || ^7.4.0"
      }
    },
    "node_modules/@angular/platform-browser": {
      "version": "13.3.11",
      "resolved": "https://registry.npmjs.org/@angular/platform-browser/-/platform-browser-13.3.11.tgz",
      "integrity": "sha512-PG3chCErARb6wNzkOed2NsZmgvTmbumRx/6sMXqGkDKXYQm0JULnl4X42Rn+JCgJ9DLJi5/jrd1dbcBCrKk9Vg==",
      "dev": true,
      "peer": true,
      "dependencies": {
        "tslib": "^2.3.0"
      },
      "engines": {
        "node": "^12.20.0 || ^14.15.0 || >=16.10.0"
      },
      "peerDependencies": {
        "@angular/animations": "13.3.11",
        "@angular/common": "13.3.11",
        "@angular/core": "13.3.11"
      },
      "peerDependenciesMeta": {
        "@angular/animations": {
          "optional": true
        }
      }
    },
    "node_modules/@ng-select/ng-select": {
      "version": "8.3.0",
      "dev": true,
      "license": "MIT",
      "dependencies": {
        "tslib": "^2.3.1"
      },
      "engines": {
        "node": ">= 12.20.0",
        "npm": ">= 6.0.0"
      },
      "peerDependencies": {
        "@angular/common": ">=13.0.0 <14.0.0",
        "@angular/core": ">=13.0.0 <14.0.0",
        "@angular/forms": ">=13.0.0 <14.0.0"
      }
    },
    "node_modules/@types/lodash": {
      "version": "4.14.186",
      "dev": true,
      "license": "MIT"
    },
    "node_modules/@types/lodash-es": {
      "version": "4.17.6",
      "dev": true,
      "license": "MIT",
      "dependencies": {
        "@types/lodash": "*"
      }
    },
    "node_modules/lodash-es": {
      "version": "4.17.21",
      "dev": true,
      "license": "MIT"
    },
    "node_modules/moment": {
      "version": "2.29.4",
      "dev": true,
      "license": "MIT",
      "engines": {
        "node": "*"
      }
    },
    "node_modules/ng-inline-svg-2": {
      "version": "14.0.2",
      "dev": true,
      "license": "MIT",
      "peerDependencies": {
        "@angular/common": "^13.0.0",
        "@angular/core": "^13.0.0",
        "rxjs": "^6.6.0 || ^7.4.0"
      }
    },
    "node_modules/ngx-bootstrap": {
      "version": "8.0.0",
      "dev": true,
      "license": "MIT",
      "dependencies": {
        "tslib": "^2.0.0"
      },
      "peerDependencies": {
        "@angular/animations": "^13.0.0",
        "@angular/common": "^13.0.0",
        "@angular/core": "^13.0.0",
        "@angular/forms": "^13.0.0",
        "rxjs": "^6.5.3 || ^7.4.0"
      }
    },
    "node_modules/ngx-image-cropper": {
      "version": "6.2.2",
      "dev": true,
      "license": "MIT",
      "dependencies": {
        "tslib": "^2.3.0"
      },
      "peerDependencies": {
        "@angular/common": ">=13.0.0",
        "@angular/core": ">=13.0.0"
      }
    },
    "node_modules/parse5": {
      "version": "5.1.1",
      "dev": true,
      "license": "MIT",
      "optional": true
    },
    "node_modules/rxjs": {
      "version": "7.5.7",
      "dev": true,
      "license": "Apache-2.0",
      "dependencies": {
        "tslib": "^2.1.0"
      }
    },
    "node_modules/tslib": {
      "version": "2.4.0",
      "dev": true,
      "license": "0BSD"
    },
    "node_modules/zone.js": {
      "version": "0.11.8",
      "dev": true,
      "license": "MIT",
      "dependencies": {
        "tslib": "^2.3.0"
      }
    }
  },
  "dependencies": {
    "@angular/animations": {
      "version": "13.3.11",
      "dev": true,
      "requires": {
        "tslib": "^2.3.0"
      }
    },
    "@angular/cdk": {
      "version": "13.3.9",
      "dev": true,
      "requires": {
        "parse5": "^5.0.0",
        "tslib": "^2.3.0"
      }
    },
    "@angular/common": {
      "version": "13.3.11",
      "dev": true,
      "requires": {
        "tslib": "^2.3.0"
      }
    },
    "@angular/core": {
      "version": "13.3.11",
      "dev": true,
      "requires": {
        "tslib": "^2.3.0"
      }
    },
    "@angular/forms": {
      "version": "13.3.11",
      "dev": true,
      "requires": {
        "tslib": "^2.3.0"
      }
    },
    "@angular/platform-browser": {
      "version": "13.3.11",
      "resolved": "https://registry.npmjs.org/@angular/platform-browser/-/platform-browser-13.3.11.tgz",
      "integrity": "sha512-PG3chCErARb6wNzkOed2NsZmgvTmbumRx/6sMXqGkDKXYQm0JULnl4X42Rn+JCgJ9DLJi5/jrd1dbcBCrKk9Vg==",
      "dev": true,
      "peer": true,
      "requires": {
        "tslib": "^2.3.0"
      }
    },
    "@ng-select/ng-select": {
      "version": "8.3.0",
      "dev": true,
      "requires": {
        "tslib": "^2.3.1"
      }
    },
    "@types/lodash": {
      "version": "4.14.186",
      "dev": true
    },
    "@types/lodash-es": {
      "version": "4.17.6",
      "dev": true,
      "requires": {
        "@types/lodash": "*"
      }
    },
    "lodash-es": {
      "version": "4.17.21",
      "dev": true
    },
    "moment": {
      "version": "2.29.4",
      "dev": true
    },
    "ng-inline-svg-2": {
      "version": "14.0.2",
      "dev": true,
      "requires": {}
    },
    "ngx-bootstrap": {
      "version": "8.0.0",
      "dev": true,
      "requires": {
        "tslib": "^2.0.0"
      }
    },
    "ngx-image-cropper": {
      "version": "6.2.2",
      "dev": true,
      "requires": {
        "tslib": "^2.3.0"
      }
    },
    "parse5": {
      "version": "5.1.1",
      "dev": true,
      "optional": true
    },
    "rxjs": {
      "version": "7.5.7",
      "dev": true,
      "requires": {
        "tslib": "^2.1.0"
      }
    },
    "tslib": {
      "version": "2.4.0",
      "dev": true
    },
    "zone.js": {
      "version": "0.11.8",
      "dev": true,
      "requires": {
        "tslib": "^2.3.0"
      }
    }
  }
}
